// !$*UTF8*$!
{
	archiveVersion = 1;
	classes = {
	};
	objectVersion = 50;
	objects = {

/* Begin PBXBuildFile section */
		744A172024B5688D00F519FF /* NOTextInputEditText.h in Headers */ = {isa = PBXBuildFile; fileRef = 744A171E24B5688D00F519FF /* NOTextInputEditText.h */; settings = {ATTRIBUTES = (Public, ); }; };
		744A172424B5689D00F519FF /* NOTextInputEditText.swift in Sources */ = {isa = PBXBuildFile; fileRef = 744A170524B412C200F519FF /* NOTextInputEditText.swift */; };
		744A172524B5689D00F519FF /* NOTextInputDelegate.swift in Sources */ = {isa = PBXBuildFile; fileRef = 744A170E24B4163500F519FF /* NOTextInputDelegate.swift */; };
		744A172624B5689D00F519FF /* NOTextInputTextField.swift in Sources */ = {isa = PBXBuildFile; fileRef = 744A170C24B414FE00F519FF /* NOTextInputTextField.swift */; };
		744A172724B5689D00F519FF /* DefaultTextFieldDelegate.swift in Sources */ = {isa = PBXBuildFile; fileRef = 744A171224B5581A00F519FF /* DefaultTextFieldDelegate.swift */; };
/* End PBXBuildFile section */

/* Begin PBXFileReference section */
		744A170524B412C200F519FF /* NOTextInputEditText.swift */ = {isa = PBXFileReference; lastKnownFileType = sourcecode.swift; path = NOTextInputEditText.swift; sourceTree = "<group>"; };
		744A170C24B414FE00F519FF /* NOTextInputTextField.swift */ = {isa = PBXFileReference; lastKnownFileType = sourcecode.swift; path = NOTextInputTextField.swift; sourceTree = "<group>"; };
		744A170E24B4163500F519FF /* NOTextInputDelegate.swift */ = {isa = PBXFileReference; lastKnownFileType = sourcecode.swift; path = NOTextInputDelegate.swift; sourceTree = "<group>"; };
		744A171224B5581A00F519FF /* DefaultTextFieldDelegate.swift */ = {isa = PBXFileReference; lastKnownFileType = sourcecode.swift; path = DefaultTextFieldDelegate.swift; sourceTree = "<group>"; };
		744A171C24B5688D00F519FF /* NOTextInputEditText.framework */ = {isa = PBXFileReference; explicitFileType = wrapper.framework; includeInIndex = 0; path = NOTextInputEditText.framework; sourceTree = BUILT_PRODUCTS_DIR; };
		744A171E24B5688D00F519FF /* NOTextInputEditText.h */ = {isa = PBXFileReference; lastKnownFileType = sourcecode.c.h; path = NOTextInputEditText.h; sourceTree = "<group>"; };
		744A171F24B5688D00F519FF /* Info.plist */ = {isa = PBXFileReference; lastKnownFileType = text.plist.xml; path = Info.plist; sourceTree = "<group>"; };
/* End PBXFileReference section */

/* Begin PBXFrameworksBuildPhase section */
		744A171924B5688D00F519FF /* Frameworks */ = {
			isa = PBXFrameworksBuildPhase;
			buildActionMask = 2147483647;
			files = (
			);
			runOnlyForDeploymentPostprocessing = 0;
		};
/* End PBXFrameworksBuildPhase section */

/* Begin PBXGroup section */
		744A16F924B412C200F519FF = {
			isa = PBXGroup;
			children = (
				744A171D24B5688D00F519FF /* NOTextInputEditText */,
				744A170324B412C200F519FF /* Products */,
			);
			sourceTree = "<group>";
		};
		744A170324B412C200F519FF /* Products */ = {
			isa = PBXGroup;
			children = (
				744A171C24B5688D00F519FF /* NOTextInputEditText.framework */,
			);
			name = Products;
			sourceTree = "<group>";
		};
		744A171D24B5688D00F519FF /* NOTextInputEditText */ = {
			isa = PBXGroup;
			children = (
				744A170524B412C200F519FF /* NOTextInputEditText.swift */,
				744A170C24B414FE00F519FF /* NOTextInputTextField.swift */,
				744A170E24B4163500F519FF /* NOTextInputDelegate.swift */,
				744A171224B5581A00F519FF /* DefaultTextFieldDelegate.swift */,
				744A171E24B5688D00F519FF /* NOTextInputEditText.h */,
				744A171F24B5688D00F519FF /* Info.plist */,
			);
			path = NOTextInputEditText;
			sourceTree = "<group>";
		};
/* End PBXGroup section */

/* Begin PBXHeadersBuildPhase section */
		744A171724B5688D00F519FF /* Headers */ = {
			isa = PBXHeadersBuildPhase;
			buildActionMask = 2147483647;
			files = (
				744A172024B5688D00F519FF /* NOTextInputEditText.h in Headers */,
			);
			runOnlyForDeploymentPostprocessing = 0;
		};
/* End PBXHeadersBuildPhase section */

/* Begin PBXNativeTarget section */
		744A171B24B5688D00F519FF /* NOTextInputEditText */ = {
			isa = PBXNativeTarget;
			buildConfigurationList = 744A172124B5688D00F519FF /* Build configuration list for PBXNativeTarget "NOTextInputEditText" */;
			buildPhases = (
				744A171724B5688D00F519FF /* Headers */,
				744A171824B5688D00F519FF /* Sources */,
				744A171924B5688D00F519FF /* Frameworks */,
				744A171A24B5688D00F519FF /* Resources */,
			);
			buildRules = (
			);
			dependencies = (
			);
			name = NOTextInputEditText;
			productName = NOTextInputEditText;
			productReference = 744A171C24B5688D00F519FF /* NOTextInputEditText.framework */;
			productType = "com.apple.product-type.framework";
		};
/* End PBXNativeTarget section */

/* Begin PBXProject section */
		744A16FA24B412C200F519FF /* Project object */ = {
			isa = PBXProject;
			attributes = {
				LastSwiftUpdateCheck = 1150;
				LastUpgradeCheck = 1150;
				ORGANIZATIONNAME = NeetOffice;
				TargetAttributes = {
					744A171B24B5688D00F519FF = {
						CreatedOnToolsVersion = 11.5;
					};
				};
			};
			buildConfigurationList = 744A16FD24B412C200F519FF /* Build configuration list for PBXProject "NOTextInputEditText" */;
			compatibilityVersion = "Xcode 9.3";
			developmentRegion = en;
			hasScannedForEncodings = 0;
			knownRegions = (
				en,
				Base,
			);
			mainGroup = 744A16F924B412C200F519FF;
			productRefGroup = 744A170324B412C200F519FF /* Products */;
			projectDirPath = "";
			projectRoot = "";
			targets = (
				744A171B24B5688D00F519FF /* NOTextInputEditText */,
			);
		};
/* End PBXProject section */

/* Begin PBXResourcesBuildPhase section */
		744A171A24B5688D00F519FF /* Resources */ = {
			isa = PBXResourcesBuildPhase;
			buildActionMask = 2147483647;
			files = (
			);
			runOnlyForDeploymentPostprocessing = 0;
		};
/* End PBXResourcesBuildPhase section */

/* Begin PBXSourcesBuildPhase section */
		744A171824B5688D00F519FF /* Sources */ = {
			isa = PBXSourcesBuildPhase;
			buildActionMask = 2147483647;
			files = (
				744A172624B5689D00F519FF /* NOTextInputTextField.swift in Sources */,
				744A172424B5689D00F519FF /* NOTextInputEditText.swift in Sources */,
				744A172724B5689D00F519FF /* DefaultTextFieldDelegate.swift in Sources */,
				744A172524B5689D00F519FF /* NOTextInputDelegate.swift in Sources */,
			);
			runOnlyForDeploymentPostprocessing = 0;
		};
/* End PBXSourcesBuildPhase section */

/* Begin XCBuildConfiguration section */
		744A170724B412C200F519FF /* Debug */ = {
			isa = XCBuildConfiguration;
			buildSettings = {
				ALWAYS_SEARCH_USER_PATHS = NO;
				CLANG_ANALYZER_NONNULL = YES;
				CLANG_ANALYZER_NUMBER_OBJECT_CONVERSION = YES_AGGRESSIVE;
				CLANG_CXX_LANGUAGE_STANDARD = "gnu++14";
				CLANG_CXX_LIBRARY = "libc++";
				CLANG_ENABLE_MODULES = YES;
				CLANG_ENABLE_OBJC_ARC = YES;
				CLANG_ENABLE_OBJC_WEAK = YES;
				CLANG_WARN_BLOCK_CAPTURE_AUTORELEASING = YES;
				CLANG_WARN_BOOL_CONVERSION = YES;
				CLANG_WARN_COMMA = YES;
				CLANG_WARN_CONSTANT_CONVERSION = YES;
				CLANG_WARN_DEPRECATED_OBJC_IMPLEMENTATIONS = YES;
				CLANG_WARN_DIRECT_OBJC_ISA_USAGE = YES_ERROR;
				CLANG_WARN_DOCUMENTATION_COMMENTS = YES;
				CLANG_WARN_EMPTY_BODY = YES;
				CLANG_WARN_ENUM_CONVERSION = YES;
				CLANG_WARN_INFINITE_RECURSION = YES;
				CLANG_WARN_INT_CONVERSION = YES;
				CLANG_WARN_NON_LITERAL_NULL_CONVERSION = YES;
				CLANG_WARN_OBJC_IMPLICIT_RETAIN_SELF = YES;
				CLANG_WARN_OBJC_LITERAL_CONVERSION = YES;
				CLANG_WARN_OBJC_ROOT_CLASS = YES_ERROR;
				CLANG_WARN_RANGE_LOOP_ANALYSIS = YES;
				CLANG_WARN_STRICT_PROTOTYPES = YES;
				CLANG_WARN_SUSPICIOUS_MOVE = YES;
				CLANG_WARN_UNGUARDED_AVAILABILITY = YES_AGGRESSIVE;
				CLANG_WARN_UNREACHABLE_CODE = YES;
				CLANG_WARN__DUPLICATE_METHOD_MATCH = YES;
				COPY_PHASE_STRIP = NO;
				DEBUG_INFORMATION_FORMAT = dwarf;
				ENABLE_STRICT_OBJC_MSGSEND = YES;
				ENABLE_TESTABILITY = YES;
				GCC_C_LANGUAGE_STANDARD = gnu11;
				GCC_DYNAMIC_NO_PIC = NO;
				GCC_NO_COMMON_BLOCKS = YES;
				GCC_OPTIMIZATION_LEVEL = 0;
				GCC_PREPROCESSOR_DEFINITIONS = (
					"DEBUG=1",
					"$(inherited)",
				);
				GCC_WARN_64_TO_32_BIT_CONVERSION = YES;
				GCC_WARN_ABOUT_RETURN_TYPE = YES_ERROR;
				GCC_WARN_UNDECLARED_SELECTOR = YES;
				GCC_WARN_UNINITIALIZED_AUTOS = YES_AGGRESSIVE;
				GCC_WARN_UNUSED_FUNCTION = YES;
				GCC_WARN_UNUSED_VARIABLE = YES;
				IPHONEOS_DEPLOYMENT_TARGET = 13.5;
				MTL_ENABLE_DEBUG_INFO = INCLUDE_SOURCE;
				MTL_FAST_MATH = YES;
				ONLY_ACTIVE_ARCH = YES;
				SDKROOT = iphoneos;
				SWIFT_ACTIVE_COMPILATION_CONDITIONS = DEBUG;
				SWIFT_OPTIMIZATION_LEVEL = "-Onone";
			};
			name = Debug;
		};
		744A170824B412C200F519FF /* Release */ = {
			isa = XCBuildConfiguration;
			buildSettings = {
				ALWAYS_SEARCH_USER_PATHS = NO;
				CLANG_ANALYZER_NONNULL = YES;
				CLANG_ANALYZER_NUMBER_OBJECT_CONVERSION = YES_AGGRESSIVE;
				CLANG_CXX_LANGUAGE_STANDARD = "gnu++14";
				CLANG_CXX_LIBRARY = "libc++";
				CLANG_ENABLE_MODULES = YES;
				CLANG_ENABLE_OBJC_ARC = YES;
				CLANG_ENABLE_OBJC_WEAK = YES;
				CLANG_WARN_BLOCK_CAPTURE_AUTORELEASING = YES;
				CLANG_WARN_BOOL_CONVERSION = YES;
				CLANG_WARN_COMMA = YES;
				CLANG_WARN_CONSTANT_CONVERSION = YES;
				CLANG_WARN_DEPRECATED_OBJC_IMPLEMENTATIONS = YES;
				CLANG_WARN_DIRECT_OBJC_ISA_USAGE = YES_ERROR;
				CLANG_WARN_DOCUMENTATION_COMMENTS = YES;
				CLANG_WARN_EMPTY_BODY = YES;
				CLANG_WARN_ENUM_CONVERSION = YES;
				CLANG_WARN_INFINITE_RECURSION = YES;
				CLANG_WARN_INT_CONVERSION = YES;
				CLANG_WARN_NON_LITERAL_NULL_CONVERSION = YES;
				CLANG_WARN_OBJC_IMPLICIT_RETAIN_SELF = YES;
				CLANG_WARN_OBJC_LITERAL_CONVERSION = YES;
				CLANG_WARN_OBJC_ROOT_CLASS = YES_ERROR;
				CLANG_WARN_RANGE_LOOP_ANALYSIS = YES;
				CLANG_WARN_STRICT_PROTOTYPES = YES;
				CLANG_WARN_SUSPICIOUS_MOVE = YES;
				CLANG_WARN_UNGUARDED_AVAILABILITY = YES_AGGRESSIVE;
				CLANG_WARN_UNREACHABLE_CODE = YES;
				CLANG_WARN__DUPLICATE_METHOD_MATCH = YES;
				COPY_PHASE_STRIP = NO;
				DEBUG_INFORMATION_FORMAT = "dwarf-with-dsym";
				ENABLE_NS_ASSERTIONS = NO;
				ENABLE_STRICT_OBJC_MSGSEND = YES;
				GCC_C_LANGUAGE_STANDARD = gnu11;
				GCC_NO_COMMON_BLOCKS = YES;
				GCC_WARN_64_TO_32_BIT_CONVERSION = YES;
				GCC_WARN_ABOUT_RETURN_TYPE = YES_ERROR;
				GCC_WARN_UNDECLARED_SELECTOR = YES;
				GCC_WARN_UNINITIALIZED_AUTOS = YES_AGGRESSIVE;
				GCC_WARN_UNUSED_FUNCTION = YES;
				GCC_WARN_UNUSED_VARIABLE = YES;
				IPHONEOS_DEPLOYMENT_TARGET = 13.5;
				MTL_ENABLE_DEBUG_INFO = NO;
				MTL_FAST_MATH = YES;
				SDKROOT = iphoneos;
				SWIFT_COMPILATION_MODE = wholemodule;
				SWIFT_OPTIMIZATION_LEVEL = "-O";
				VALIDATE_PRODUCT = YES;
			};
			name = Release;
		};
		744A172224B5688D00F519FF /* Debug */ = {
			isa = XCBuildConfiguration;
			buildSettings = {
				CODE_SIGN_STYLE = Automatic;
				CURRENT_PROJECT_VERSION = 1;
				DEFINES_MODULE = YES;
				DEVELOPMENT_TEAM = 9P8K2M27J8;
				DYLIB_COMPATIBILITY_VERSION = 1;
				DYLIB_CURRENT_VERSION = 1;
				DYLIB_INSTALL_NAME_BASE = "@rpath";
				INFOPLIST_FILE = NOTextInputEditText/Info.plist;
				INSTALL_PATH = "$(LOCAL_LIBRARY_DIR)/Frameworks";
				LD_RUNPATH_SEARCH_PATHS = (
					"$(inherited)",
					"@executable_path/Frameworks",
					"@loader_path/Frameworks",
				);
				PRODUCT_BUNDLE_IDENTIFIER = com.neetoffice.widget.NOTextInputEditText;
				PRODUCT_NAME = "$(TARGET_NAME:c99extidentifier)";
				SKIP_INSTALL = YES;
				SWIFT_VERSION = 5.0;
				TARGETED_DEVICE_FAMILY = "1,2";
				VERSIONING_SYSTEM = "apple-generic";
				VERSION_INFO_PREFIX = "";
			};
			name = Debug;
		};
		744A172324B5688D00F519FF /* Release */ = {
			isa = XCBuildConfiguration;
			buildSettings = {
				CODE_SIGN_STYLE = Automatic;
				CURRENT_PROJECT_VERSION = 1;
				DEFINES_MODULE = YES;
				DEVELOPMENT_TEAM = 9P8K2M27J8;
				DYLIB_COMPATIBILITY_VERSION = 1;
				DYLIB_CURRENT_VERSION = 1;
				DYLIB_INSTALL_NAME_BASE = "@rpath";
				INFOPLIST_FILE = NOTextInputEditText/Info.plist;
				INSTALL_PATH = "$(LOCAL_LIBRARY_DIR)/Frameworks";
				LD_RUNPATH_SEARCH_PATHS = (
					"$(inherited)",
					"@executable_path/Frameworks",
					"@loader_path/Frameworks",
				);
				PRODUCT_BUNDLE_IDENTIFIER = com.neetoffice.widget.NOTextInputEditText;
				PRODUCT_NAME = "$(TARGET_NAME:c99extidentifier)";
				SKIP_INSTALL = YES;
				SWIFT_VERSION = 5.0;
				TARGETED_DEVICE_FAMILY = "1,2";
				VERSIONING_SYSTEM = "apple-generic";
				VERSION_INFO_PREFIX = "";
			};
			name = Release;
		};
/* End XCBuildConfiguration section */

/* Begin XCConfigurationList section */
		744A16FD24B412C200F519FF /* Build configuration list for PBXProject "NOTextInputEditText" */ = {
			isa = XCConfigurationList;
			buildConfigurations = (
				744A170724B412C200F519FF /* Debug */,
				744A170824B412C200F519FF /* Release */,
			);
			defaultConfigurationIsVisible = 0;
			defaultConfigurationName = Release;
		};
		744A172124B5688D00F519FF /* Build configuration list for PBXNativeTarget "NOTextInputEditText" */ = {
			isa = XCConfigurationList;
			buildConfigurations = (
				744A172224B5688D00F519FF /* Debug */,
				744A172324B5688D00F519FF /* Release */,
			);
			defaultConfigurationIsVisible = 0;
			defaultConfigurationName = Release;
		};
/* End XCConfigurationList section */
	};
	rootObject = 744A16FA24B412C200F519FF /* Project object */;
}
